
Microsoft Visual Studio Solution File, Format Version 12.00
# Visual Studio 2012
Project("{FAE04EC0-301F-11D3-BF4B-00C04F79EFBC}") = "GroceryBuddyData", "GroceryBuddyData\GroceryBuddyData.csproj", "{53FF9C29-A43C-4FEF-9225-9DB955FBABFF}"
EndProject
Project("{E24C65DC-7377-472B-9ABA-BC803B73C61A}") = "GroceryBuddyWeb", "http://localhost:51557", "{F887FA6C-A355-4057-8025-393D347CDF8C}"
	ProjectSection(WebsiteProperties) = preProject
		UseIISExpress = "true"
		TargetFrameworkMoniker = ".NETFramework,Version%3Dv4.5"
		Debug.AspNetCompiler.VirtualPath = "/localhost_51557"
		Debug.AspNetCompiler.PhysicalPath = "GroceryBuddyWeb\"
		Debug.AspNetCompiler.TargetPath = "PrecompiledWeb\localhost_51557\"
		Debug.AspNetCompiler.Updateable = "true"
		Debug.AspNetCompiler.ForceOverwrite = "true"
		Debug.AspNetCompiler.FixedNames = "false"
		Debug.AspNetCompiler.Debug = "True"
		Release.AspNetCompiler.VirtualPath = "/localhost_51557"
		Release.AspNetCompiler.PhysicalPath = "GroceryBuddyWeb\"
		Release.AspNetCompiler.TargetPath = "PrecompiledWeb\localhost_51557\"
		Release.AspNetCompiler.Updateable = "true"
		Release.AspNetCompiler.ForceOverwrite = "true"
		Release.AspNetCompiler.FixedNames = "false"
		Release.AspNetCompiler.Debug = "False"
		SlnRelativePath = "GroceryBuddyWeb\"
	EndProjectSection
EndProject
Global
	GlobalSection(SolutionConfigurationPlatforms) = preSolution
		Debug|Any CPU = Debug|Any CPU
		Release|Any CPU = Release|Any CPU
	EndGlobalSection
	GlobalSection(ProjectConfigurationPlatforms) = postSolution
		{53FF9C29-A43C-4FEF-9225-9DB955FBABFF}.Debug|Any CPU.ActiveCfg = Debug|Any CPU
		{53FF9C29-A43C-4FEF-9225-9DB955FBABFF}.Debug|Any CPU.Build.0 = Debug|Any CPU
		{53FF9C29-A43C-4FEF-9225-9DB955FBABFF}.Release|Any CPU.ActiveCfg = Release|Any CPU
		{53FF9C29-A43C-4FEF-9225-9DB955FBABFF}.Release|Any CPU.Build.0 = Release|Any CPU
		{F887FA6C-A355-4057-8025-393D347CDF8C}.Debug|Any CPU.ActiveCfg = Debug|Any CPU
		{F887FA6C-A355-4057-8025-393D347CDF8C}.Debug|Any CPU.Build.0 = Debug|Any CPU
		{F887FA6C-A355-4057-8025-393D347CDF8C}.Release|Any CPU.ActiveCfg = Debug|Any CPU
		{F887FA6C-A355-4057-8025-393D347CDF8C}.Release|Any CPU.Build.0 = Debug|Any CPU
	EndGlobalSection
	GlobalSection(SolutionProperties) = preSolution
		HideSolutionNode = FALSE
	EndGlobalSection
EndGlobal
